
Microsoft Visual Studio Solution File, Format Version 12.00
# Visual Studio Version 16
VisualStudioVersion = 16.0.28803.156
MinimumVisualStudioVersion = 10.0.40219.1
Project("{FAE04EC0-301F-11D3-BF4B-00C04F79EFBC}") = "CaixaBancario", "CaixaBancario\CaixaBancario.csproj", "{CD8E8516-9E85-4F04-B909-AC60041A47B3}"
EndProject
Global
	GlobalSection(SolutionConfigurationPlatforms) = preSolution
		Debug|Any CPU = Debug|Any CPU
		Release|Any CPU = Release|Any CPU
	EndGlobalSection
	GlobalSection(ProjectConfigurationPlatforms) = postSolution
		{CD8E8516-9E85-4F04-B909-AC60041A47B3}.Debug|Any CPU.ActiveCfg = Debug|Any CPU
		{CD8E8516-9E85-4F04-B909-AC60041A47B3}.Debug|Any CPU.Build.0 = Debug|Any CPU
		{CD8E8516-9E85-4F04-B909-AC60041A47B3}.Release|Any CPU.ActiveCfg = Release|Any CPU
		{CD8E8516-9E85-4F04-B909-AC60041A47B3}.Release|Any CPU.Build.0 = Release|Any CPU
	EndGlobalSection
	GlobalSection(SolutionProperties) = preSolution
		HideSolutionNode = FALSE
	EndGlobalSection
	GlobalSection(ExtensibilityGlobals) = postSolution
		SolutionGuid = {D4F21090-87C7-4DE4-9903-5BEE91B5CF61}
	EndGlobalSection
EndGlobal
